
Microsoft Visual Studio Solution File, Format Version 12.00
# Visual Studio Version 16
VisualStudioVersion = 16.0.30104.148
MinimumVisualStudioVersion = 10.0.40219.1
Project("{FAE04EC0-301F-11D3-BF4B-00C04F79EFBC}") = "HIRING EMPLOYEES", "aaa\HIRING EMPLOYEES.csproj", "{4847FB7E-B0B0-4FF5-8CF9-607DCA4F086F}"
EndProject
Global
	GlobalSection(SolutionConfigurationPlatforms) = preSolution
		Debug|Any CPU = Debug|Any CPU
		Release|Any CPU = Release|Any CPU
	EndGlobalSection
	GlobalSection(ProjectConfigurationPlatforms) = postSolution
		{4847FB7E-B0B0-4FF5-8CF9-607DCA4F086F}.Debug|Any CPU.ActiveCfg = Debug|Any CPU
		{4847FB7E-B0B0-4FF5-8CF9-607DCA4F086F}.Debug|Any CPU.Build.0 = Debug|Any CPU
		{4847FB7E-B0B0-4FF5-8CF9-607DCA4F086F}.Release|Any CPU.ActiveCfg = Release|Any CPU
		{4847FB7E-B0B0-4FF5-8CF9-607DCA4F086F}.Release|Any CPU.Build.0 = Release|Any CPU
	EndGlobalSection
	GlobalSection(SolutionProperties) = preSolution
		HideSolutionNode = FALSE
	EndGlobalSection
	GlobalSection(ExtensibilityGlobals) = postSolution
		SolutionGuid = {E2F7AEB3-1C64-4905-9AD7-23379210E591}
	EndGlobalSection
EndGlobal
